
Microsoft Visual Studio Solution File, Format Version 12.00
# Visual Studio Version 16
VisualStudioVersion = 16.0.30907.101
MinimumVisualStudioVersion = 10.0.40219.1
Project("{FAE04EC0-301F-11D3-BF4B-00C04F79EFBC}") = "AuthenticationAuthorizationApis", "AuthenticationAuthorizationApis\AuthenticationAuthorizationApis.csproj", "{3082FBAB-277A-414D-874C-544A5E54FBBB}"
EndProject
Project("{FAE04EC0-301F-11D3-BF4B-00C04F79EFBC}") = "AuthenticationAuthorizationSevices", "AuthenticationAuthorizationSevices\AuthenticationAuthorizationSevices.csproj", "{1575F814-3D08-4817-9D6F-75CA37B25C0A}"
EndProject
Project("{FAE04EC0-301F-11D3-BF4B-00C04F79EFBC}") = "AuthenticationAuthorizationDomain", "AuthenticationAuthorizationDomain\AuthenticationAuthorizationDomain.csproj", "{6290BFD7-9489-4FD7-864E-C2037B08A0F8}"
EndProject
Project("{FAE04EC0-301F-11D3-BF4B-00C04F79EFBC}") = "AuthenticationAuthorizationData", "AuthenticationAuthorizationData\AuthenticationAuthorizationData.csproj", "{53CDAEC9-28B9-4ADA-85DF-4A565889F31A}"
EndProject
Project("{FAE04EC0-301F-11D3-BF4B-00C04F79EFBC}") = "AuthenticationAuthorizationSql", "AuthenticationAuthorizationSql\AuthenticationAuthorizationSql.csproj", "{676D35A2-0215-4DB5-895A-B069D6625BBE}"
EndProject
Global
	GlobalSection(SolutionConfigurationPlatforms) = preSolution
		Debug|Any CPU = Debug|Any CPU
		Release|Any CPU = Release|Any CPU
	EndGlobalSection
	GlobalSection(ProjectConfigurationPlatforms) = postSolution
		{3082FBAB-277A-414D-874C-544A5E54FBBB}.Debug|Any CPU.ActiveCfg = Debug|Any CPU
		{3082FBAB-277A-414D-874C-544A5E54FBBB}.Debug|Any CPU.Build.0 = Debug|Any CPU
		{3082FBAB-277A-414D-874C-544A5E54FBBB}.Release|Any CPU.ActiveCfg = Release|Any CPU
		{3082FBAB-277A-414D-874C-544A5E54FBBB}.Release|Any CPU.Build.0 = Release|Any CPU
		{1575F814-3D08-4817-9D6F-75CA37B25C0A}.Debug|Any CPU.ActiveCfg = Debug|Any CPU
		{1575F814-3D08-4817-9D6F-75CA37B25C0A}.Debug|Any CPU.Build.0 = Debug|Any CPU
		{1575F814-3D08-4817-9D6F-75CA37B25C0A}.Release|Any CPU.ActiveCfg = Release|Any CPU
		{1575F814-3D08-4817-9D6F-75CA37B25C0A}.Release|Any CPU.Build.0 = Release|Any CPU
		{6290BFD7-9489-4FD7-864E-C2037B08A0F8}.Debug|Any CPU.ActiveCfg = Debug|Any CPU
		{6290BFD7-9489-4FD7-864E-C2037B08A0F8}.Debug|Any CPU.Build.0 = Debug|Any CPU
		{6290BFD7-9489-4FD7-864E-C2037B08A0F8}.Release|Any CPU.ActiveCfg = Release|Any CPU
		{6290BFD7-9489-4FD7-864E-C2037B08A0F8}.Release|Any CPU.Build.0 = Release|Any CPU
		{53CDAEC9-28B9-4ADA-85DF-4A565889F31A}.Debug|Any CPU.ActiveCfg = Debug|Any CPU
		{53CDAEC9-28B9-4ADA-85DF-4A565889F31A}.Debug|Any CPU.Build.0 = Debug|Any CPU
		{53CDAEC9-28B9-4ADA-85DF-4A565889F31A}.Release|Any CPU.ActiveCfg = Release|Any CPU
		{53CDAEC9-28B9-4ADA-85DF-4A565889F31A}.Release|Any CPU.Build.0 = Release|Any CPU
		{676D35A2-0215-4DB5-895A-B069D6625BBE}.Debug|Any CPU.ActiveCfg = Debug|Any CPU
		{676D35A2-0215-4DB5-895A-B069D6625BBE}.Debug|Any CPU.Build.0 = Debug|Any CPU
		{676D35A2-0215-4DB5-895A-B069D6625BBE}.Release|Any CPU.ActiveCfg = Release|Any CPU
		{676D35A2-0215-4DB5-895A-B069D6625BBE}.Release|Any CPU.Build.0 = Release|Any CPU
	EndGlobalSection
	GlobalSection(SolutionProperties) = preSolution
		HideSolutionNode = FALSE
	EndGlobalSection
	GlobalSection(ExtensibilityGlobals) = postSolution
		SolutionGuid = {7B30E0F4-B533-4837-A68F-C5C6BF5F4C9A}
	EndGlobalSection
EndGlobal
